
Microsoft Visual Studio Solution File, Format Version 12.00
# Visual Studio Version 17
VisualStudioVersion = 17.3.32825.248
MinimumVisualStudioVersion = 10.0.40219.1
Project("{FAE04EC0-301F-11D3-BF4B-00C04F79EFBC}") = "BallWPF", "BallWPF.csproj", "{445A143B-5E6F-4E26-816C-EC2979328B76}"
EndProject
Global
	GlobalSection(SolutionConfigurationPlatforms) = preSolution
		Debug|Any CPU = Debug|Any CPU
		Release|Any CPU = Release|Any CPU
	EndGlobalSection
	GlobalSection(ProjectConfigurationPlatforms) = postSolution
		{445A143B-5E6F-4E26-816C-EC2979328B76}.Debug|Any CPU.ActiveCfg = Debug|Any CPU
		{445A143B-5E6F-4E26-816C-EC2979328B76}.Debug|Any CPU.Build.0 = Debug|Any CPU
		{445A143B-5E6F-4E26-816C-EC2979328B76}.Release|Any CPU.ActiveCfg = Release|Any CPU
		{445A143B-5E6F-4E26-816C-EC2979328B76}.Release|Any CPU.Build.0 = Release|Any CPU
	EndGlobalSection
	GlobalSection(SolutionProperties) = preSolution
		HideSolutionNode = FALSE
	EndGlobalSection
	GlobalSection(ExtensibilityGlobals) = postSolution
		SolutionGuid = {25540C37-E302-4269-94AB-85156653BD3A}
	EndGlobalSection
EndGlobal
